
Microsoft Visual Studio Solution File, Format Version 12.00
# Visual Studio Version 16
VisualStudioVersion = 16.0.808.8
MinimumVisualStudioVersion = 10.0.40219.1
Project("{2150E333-8FDC-42A3-9474-1A3956D46DE8}") = "src", "src", "{24611E6D-BFF3-4119-89CD-D191146D16E3}"
EndProject
Project("{2150E333-8FDC-42A3-9474-1A3956D46DE8}") = "protocol", "protocol", "{1816F4D1-EC5F-44CA-B169-37FC997899ED}"
EndProject
Project("{2150E333-8FDC-42A3-9474-1A3956D46DE8}") = "common", "common", "{0EBEB816-82F1-4D70-8F1A-7E9BA4E52901}"
EndProject
Project("{2150E333-8FDC-42A3-9474-1A3956D46DE8}") = "app", "app", "{1D6D76A9-A160-4D40-8086-728BC23FA1ED}"
EndProject
Project("{FAE04EC0-301F-11D3-BF4B-00C04F79EFBC}") = "Edelstein.Protocol.Network", "src\protocol\Edelstein.Protocol.Network\Edelstein.Protocol.Network.csproj", "{449999FF-B8F8-4DAF-A122-F61FC38362C0}"
EndProject
Project("{FAE04EC0-301F-11D3-BF4B-00C04F79EFBC}") = "Edelstein.Common.Network.Netty", "src\common\Edelstein.Common.Network.Netty\Edelstein.Common.Network.Netty.csproj", "{E3ED327A-92EB-4C5A-9B0C-6D7E4B5FD2F6}"
EndProject
Project("{FAE04EC0-301F-11D3-BF4B-00C04F79EFBC}") = "Tinystein", "src\app\Tinystein\Tinystein.csproj", "{3EA712F4-E034-4332-8827-9ABD56BB056D}"
EndProject
Project("{FAE04EC0-301F-11D3-BF4B-00C04F79EFBC}") = "Edelstein.Protocol.Gameplay", "src\protocol\Edelstein.Protocol.Gameplay\Edelstein.Protocol.Gameplay.csproj", "{EBEBCFF1-9BF5-4F71-A170-B315BCD25FE0}"
EndProject
Project("{FAE04EC0-301F-11D3-BF4B-00C04F79EFBC}") = "Edelstein.Protocol", "src\protocol\Edelstein.Protocol\Edelstein.Protocol.csproj", "{2D272951-61E6-45FD-A2B3-2A0E7BC727E3}"
EndProject
Project("{FAE04EC0-301F-11D3-BF4B-00C04F79EFBC}") = "Edelstein.Protocol.Interop", "src\protocol\Edelstein.Protocol.Interop\Edelstein.Protocol.Interop.csproj", "{00073526-796C-4213-99C2-F945610E0571}"
EndProject
Project("{FAE04EC0-301F-11D3-BF4B-00C04F79EFBC}") = "Edelstein.Common.Interop", "src\common\Edelstein.Common.Interop\Edelstein.Common.Interop.csproj", "{2D09FD4B-BC67-4C2F-BF01-65E0B80ED94D}"
EndProject
Project("{FAE04EC0-301F-11D3-BF4B-00C04F79EFBC}") = "Edelstein.Protocol.Database", "src\protocol\Edelstein.Protocol.Database\Edelstein.Protocol.Database.csproj", "{881F7706-098E-4F76-8F7B-5DD0B6EFAB6C}"
EndProject
Project("{FAE04EC0-301F-11D3-BF4B-00C04F79EFBC}") = "Edelstein.Common.Database.LiteDB", "src\common\Edelstein.Common.Database.LiteDB\Edelstein.Common.Database.LiteDB.csproj", "{4224B644-1FB2-45CA-859F-6C68BB912AFC}"
EndProject
Project("{FAE04EC0-301F-11D3-BF4B-00C04F79EFBC}") = "Edelstein.Common.Database", "src\common\Edelstein.Common.Database\Edelstein.Common.Database.csproj", "{237A519A-CE1C-4E87-A476-E45571D74DBC}"
EndProject
Project("{2150E333-8FDC-42A3-9474-1A3956D46DE8}") = "contrib", "contrib", "{CDF06626-CC54-4897-9412-E1D9750321DC}"
EndProject
Project("{FAE04EC0-301F-11D3-BF4B-00C04F79EFBC}") = "Edelstein.Protocol.Parsing", "src\protocol\Edelstein.Protocol.Parsing\Edelstein.Protocol.Parsing.csproj", "{26C22718-39A7-435B-AA42-E75BFD1A760A}"
EndProject
Project("{FAE04EC0-301F-11D3-BF4B-00C04F79EFBC}") = "Edelstein.Common.Parsing.Duey", "src\common\Edelstein.Common.Parsing.Duey\Edelstein.Common.Parsing.Duey.csproj", "{B4CC4E7D-DFF5-4B2D-81EB-0B81ECA9FF2D}"
EndProject
Project("{FAE04EC0-301F-11D3-BF4B-00C04F79EFBC}") = "Edelstein.Common.Parsing.reWZ", "src\common\Edelstein.Common.Parsing.reWZ\Edelstein.Common.Parsing.reWZ.csproj", "{DB0E557B-EDF6-4841-AC67-F6AE557A8E48}"
EndProject
Global
	GlobalSection(SolutionConfigurationPlatforms) = preSolution
		Debug|Any CPU = Debug|Any CPU
		Release|Any CPU = Release|Any CPU
	EndGlobalSection
	GlobalSection(ProjectConfigurationPlatforms) = postSolution
		{449999FF-B8F8-4DAF-A122-F61FC38362C0}.Debug|Any CPU.ActiveCfg = Debug|Any CPU
		{449999FF-B8F8-4DAF-A122-F61FC38362C0}.Debug|Any CPU.Build.0 = Debug|Any CPU
		{449999FF-B8F8-4DAF-A122-F61FC38362C0}.Release|Any CPU.ActiveCfg = Release|Any CPU
		{449999FF-B8F8-4DAF-A122-F61FC38362C0}.Release|Any CPU.Build.0 = Release|Any CPU
		{E3ED327A-92EB-4C5A-9B0C-6D7E4B5FD2F6}.Debug|Any CPU.ActiveCfg = Debug|Any CPU
		{E3ED327A-92EB-4C5A-9B0C-6D7E4B5FD2F6}.Debug|Any CPU.Build.0 = Debug|Any CPU
		{E3ED327A-92EB-4C5A-9B0C-6D7E4B5FD2F6}.Release|Any CPU.ActiveCfg = Release|Any CPU
		{E3ED327A-92EB-4C5A-9B0C-6D7E4B5FD2F6}.Release|Any CPU.Build.0 = Release|Any CPU
		{3EA712F4-E034-4332-8827-9ABD56BB056D}.Debug|Any CPU.ActiveCfg = Debug|Any CPU
		{3EA712F4-E034-4332-8827-9ABD56BB056D}.Debug|Any CPU.Build.0 = Debug|Any CPU
		{3EA712F4-E034-4332-8827-9ABD56BB056D}.Release|Any CPU.ActiveCfg = Release|Any CPU
		{3EA712F4-E034-4332-8827-9ABD56BB056D}.Release|Any CPU.Build.0 = Release|Any CPU
		{EBEBCFF1-9BF5-4F71-A170-B315BCD25FE0}.Debug|Any CPU.ActiveCfg = Debug|Any CPU
		{EBEBCFF1-9BF5-4F71-A170-B315BCD25FE0}.Debug|Any CPU.Build.0 = Debug|Any CPU
		{EBEBCFF1-9BF5-4F71-A170-B315BCD25FE0}.Release|Any CPU.ActiveCfg = Release|Any CPU
		{EBEBCFF1-9BF5-4F71-A170-B315BCD25FE0}.Release|Any CPU.Build.0 = Release|Any CPU
		{2D272951-61E6-45FD-A2B3-2A0E7BC727E3}.Debug|Any CPU.ActiveCfg = Debug|Any CPU
		{2D272951-61E6-45FD-A2B3-2A0E7BC727E3}.Debug|Any CPU.Build.0 = Debug|Any CPU
		{2D272951-61E6-45FD-A2B3-2A0E7BC727E3}.Release|Any CPU.ActiveCfg = Release|Any CPU
		{2D272951-61E6-45FD-A2B3-2A0E7BC727E3}.Release|Any CPU.Build.0 = Release|Any CPU
		{00073526-796C-4213-99C2-F945610E0571}.Debug|Any CPU.ActiveCfg = Debug|Any CPU
		{00073526-796C-4213-99C2-F945610E0571}.Debug|Any CPU.Build.0 = Debug|Any CPU
		{00073526-796C-4213-99C2-F945610E0571}.Release|Any CPU.ActiveCfg = Release|Any CPU
		{00073526-796C-4213-99C2-F945610E0571}.Release|Any CPU.Build.0 = Release|Any CPU
		{2D09FD4B-BC67-4C2F-BF01-65E0B80ED94D}.Debug|Any CPU.ActiveCfg = Debug|Any CPU
		{2D09FD4B-BC67-4C2F-BF01-65E0B80ED94D}.Debug|Any CPU.Build.0 = Debug|Any CPU
		{2D09FD4B-BC67-4C2F-BF01-65E0B80ED94D}.Release|Any CPU.ActiveCfg = Release|Any CPU
		{2D09FD4B-BC67-4C2F-BF01-65E0B80ED94D}.Release|Any CPU.Build.0 = Release|Any CPU
		{881F7706-098E-4F76-8F7B-5DD0B6EFAB6C}.Debug|Any CPU.ActiveCfg = Debug|Any CPU
		{881F7706-098E-4F76-8F7B-5DD0B6EFAB6C}.Debug|Any CPU.Build.0 = Debug|Any CPU
		{881F7706-098E-4F76-8F7B-5DD0B6EFAB6C}.Release|Any CPU.ActiveCfg = Release|Any CPU
		{881F7706-098E-4F76-8F7B-5DD0B6EFAB6C}.Release|Any CPU.Build.0 = Release|Any CPU
		{4224B644-1FB2-45CA-859F-6C68BB912AFC}.Debug|Any CPU.ActiveCfg = Debug|Any CPU
		{4224B644-1FB2-45CA-859F-6C68BB912AFC}.Debug|Any CPU.Build.0 = Debug|Any CPU
		{4224B644-1FB2-45CA-859F-6C68BB912AFC}.Release|Any CPU.ActiveCfg = Release|Any CPU
		{4224B644-1FB2-45CA-859F-6C68BB912AFC}.Release|Any CPU.Build.0 = Release|Any CPU
		{237A519A-CE1C-4E87-A476-E45571D74DBC}.Debug|Any CPU.ActiveCfg = Debug|Any CPU
		{237A519A-CE1C-4E87-A476-E45571D74DBC}.Debug|Any CPU.Build.0 = Debug|Any CPU
		{237A519A-CE1C-4E87-A476-E45571D74DBC}.Release|Any CPU.ActiveCfg = Release|Any CPU
		{237A519A-CE1C-4E87-A476-E45571D74DBC}.Release|Any CPU.Build.0 = Release|Any CPU
		{26C22718-39A7-435B-AA42-E75BFD1A760A}.Debug|Any CPU.ActiveCfg = Debug|Any CPU
		{26C22718-39A7-435B-AA42-E75BFD1A760A}.Debug|Any CPU.Build.0 = Debug|Any CPU
		{26C22718-39A7-435B-AA42-E75BFD1A760A}.Release|Any CPU.ActiveCfg = Release|Any CPU
		{26C22718-39A7-435B-AA42-E75BFD1A760A}.Release|Any CPU.Build.0 = Release|Any CPU
		{B4CC4E7D-DFF5-4B2D-81EB-0B81ECA9FF2D}.Debug|Any CPU.ActiveCfg = Debug|Any CPU
		{B4CC4E7D-DFF5-4B2D-81EB-0B81ECA9FF2D}.Debug|Any CPU.Build.0 = Debug|Any CPU
		{B4CC4E7D-DFF5-4B2D-81EB-0B81ECA9FF2D}.Release|Any CPU.ActiveCfg = Release|Any CPU
		{B4CC4E7D-DFF5-4B2D-81EB-0B81ECA9FF2D}.Release|Any CPU.Build.0 = Release|Any CPU
		{DB0E557B-EDF6-4841-AC67-F6AE557A8E48}.Debug|Any CPU.ActiveCfg = Debug|Any CPU
		{DB0E557B-EDF6-4841-AC67-F6AE557A8E48}.Debug|Any CPU.Build.0 = Debug|Any CPU
		{DB0E557B-EDF6-4841-AC67-F6AE557A8E48}.Release|Any CPU.ActiveCfg = Release|Any CPU
		{DB0E557B-EDF6-4841-AC67-F6AE557A8E48}.Release|Any CPU.Build.0 = Release|Any CPU
	EndGlobalSection
	GlobalSection(SolutionProperties) = preSolution
		HideSolutionNode = FALSE
	EndGlobalSection
	GlobalSection(ExtensibilityGlobals) = postSolution
		SolutionGuid = {03A6AC03-0E44-4BFE-AF62-ECAE4F86E5A0}
	EndGlobalSection
	GlobalSection(NestedProjects) = preSolution
		{1816F4D1-EC5F-44CA-B169-37FC997899ED} = {24611E6D-BFF3-4119-89CD-D191146D16E3}
		{0EBEB816-82F1-4D70-8F1A-7E9BA4E52901} = {24611E6D-BFF3-4119-89CD-D191146D16E3}
		{1D6D76A9-A160-4D40-8086-728BC23FA1ED} = {24611E6D-BFF3-4119-89CD-D191146D16E3}
		{449999FF-B8F8-4DAF-A122-F61FC38362C0} = {1816F4D1-EC5F-44CA-B169-37FC997899ED}
		{E3ED327A-92EB-4C5A-9B0C-6D7E4B5FD2F6} = {0EBEB816-82F1-4D70-8F1A-7E9BA4E52901}
		{3EA712F4-E034-4332-8827-9ABD56BB056D} = {1D6D76A9-A160-4D40-8086-728BC23FA1ED}
		{EBEBCFF1-9BF5-4F71-A170-B315BCD25FE0} = {1816F4D1-EC5F-44CA-B169-37FC997899ED}
		{2D272951-61E6-45FD-A2B3-2A0E7BC727E3} = {1816F4D1-EC5F-44CA-B169-37FC997899ED}
		{00073526-796C-4213-99C2-F945610E0571} = {1816F4D1-EC5F-44CA-B169-37FC997899ED}
		{2D09FD4B-BC67-4C2F-BF01-65E0B80ED94D} = {0EBEB816-82F1-4D70-8F1A-7E9BA4E52901}
		{881F7706-098E-4F76-8F7B-5DD0B6EFAB6C} = {1816F4D1-EC5F-44CA-B169-37FC997899ED}
		{4224B644-1FB2-45CA-859F-6C68BB912AFC} = {0EBEB816-82F1-4D70-8F1A-7E9BA4E52901}
		{237A519A-CE1C-4E87-A476-E45571D74DBC} = {0EBEB816-82F1-4D70-8F1A-7E9BA4E52901}
		{CDF06626-CC54-4897-9412-E1D9750321DC} = {24611E6D-BFF3-4119-89CD-D191146D16E3}
		{26C22718-39A7-435B-AA42-E75BFD1A760A} = {1816F4D1-EC5F-44CA-B169-37FC997899ED}
		{B4CC4E7D-DFF5-4B2D-81EB-0B81ECA9FF2D} = {0EBEB816-82F1-4D70-8F1A-7E9BA4E52901}
		{DB0E557B-EDF6-4841-AC67-F6AE557A8E48} = {0EBEB816-82F1-4D70-8F1A-7E9BA4E52901}
	EndGlobalSection
EndGlobal
